
Microsoft Visual Studio Solution File, Format Version 12.00
# Visual Studio Version 17
VisualStudioVersion = 17.5.33627.172
MinimumVisualStudioVersion = 10.0.40219.1
Project("{FAE04EC0-301F-11D3-BF4B-00C04F79EFBC}") = "ExercicioResolvidoEHP", "ExercicioResolvidoEHP\ExercicioResolvidoEHP.csproj", "{584AA72E-916F-4ECB-A9ED-0EC1473FEC37}"
EndProject
Global
	GlobalSection(SolutionConfigurationPlatforms) = preSolution
		Debug|Any CPU = Debug|Any CPU
		Release|Any CPU = Release|Any CPU
	EndGlobalSection
	GlobalSection(ProjectConfigurationPlatforms) = postSolution
		{584AA72E-916F-4ECB-A9ED-0EC1473FEC37}.Debug|Any CPU.ActiveCfg = Debug|Any CPU
		{584AA72E-916F-4ECB-A9ED-0EC1473FEC37}.Debug|Any CPU.Build.0 = Debug|Any CPU
		{584AA72E-916F-4ECB-A9ED-0EC1473FEC37}.Release|Any CPU.ActiveCfg = Release|Any CPU
		{584AA72E-916F-4ECB-A9ED-0EC1473FEC37}.Release|Any CPU.Build.0 = Release|Any CPU
	EndGlobalSection
	GlobalSection(SolutionProperties) = preSolution
		HideSolutionNode = FALSE
	EndGlobalSection
	GlobalSection(ExtensibilityGlobals) = postSolution
		SolutionGuid = {B741E68F-3B18-4072-9FEA-E8A9D413D0EA}
	EndGlobalSection
EndGlobal
