
Microsoft Visual Studio Solution File, Format Version 12.00
# Visual Studio Version 17
VisualStudioVersion = 17.7.34221.43
MinimumVisualStudioVersion = 10.0.40219.1
Project("{FAE04EC0-301F-11D3-BF4B-00C04F79EFBC}") = "ExercicioProposto", "ExercicioProposto\ExercicioProposto.csproj", "{393D7048-EFA5-4818-8822-6C17B54217CB}"
EndProject
Global
	GlobalSection(SolutionConfigurationPlatforms) = preSolution
		Debug|Any CPU = Debug|Any CPU
		Release|Any CPU = Release|Any CPU
	EndGlobalSection
	GlobalSection(ProjectConfigurationPlatforms) = postSolution
		{393D7048-EFA5-4818-8822-6C17B54217CB}.Debug|Any CPU.ActiveCfg = Debug|Any CPU
		{393D7048-EFA5-4818-8822-6C17B54217CB}.Debug|Any CPU.Build.0 = Debug|Any CPU
		{393D7048-EFA5-4818-8822-6C17B54217CB}.Release|Any CPU.ActiveCfg = Release|Any CPU
		{393D7048-EFA5-4818-8822-6C17B54217CB}.Release|Any CPU.Build.0 = Release|Any CPU
	EndGlobalSection
	GlobalSection(SolutionProperties) = preSolution
		HideSolutionNode = FALSE
	EndGlobalSection
	GlobalSection(ExtensibilityGlobals) = postSolution
		SolutionGuid = {F06C5ABF-D8D6-45B8-99B7-6145D16CFFE3}
	EndGlobalSection
EndGlobal
