
Microsoft Visual Studio Solution File, Format Version 12.00
# Visual Studio Version 17
VisualStudioVersion = 17.5.33627.172
MinimumVisualStudioVersion = 10.0.40219.1
Project("{FAE04EC0-301F-11D3-BF4B-00C04F79EFBC}") = "ExercicioProposto6", "ExercicioProposto6\ExercicioProposto6.csproj", "{C7257E80-05BD-422E-83BB-91FB3B8B6CBE}"
EndProject
Global
	GlobalSection(SolutionConfigurationPlatforms) = preSolution
		Debug|Any CPU = Debug|Any CPU
		Release|Any CPU = Release|Any CPU
	EndGlobalSection
	GlobalSection(ProjectConfigurationPlatforms) = postSolution
		{C7257E80-05BD-422E-83BB-91FB3B8B6CBE}.Debug|Any CPU.ActiveCfg = Debug|Any CPU
		{C7257E80-05BD-422E-83BB-91FB3B8B6CBE}.Debug|Any CPU.Build.0 = Debug|Any CPU
		{C7257E80-05BD-422E-83BB-91FB3B8B6CBE}.Release|Any CPU.ActiveCfg = Release|Any CPU
		{C7257E80-05BD-422E-83BB-91FB3B8B6CBE}.Release|Any CPU.Build.0 = Release|Any CPU
	EndGlobalSection
	GlobalSection(SolutionProperties) = preSolution
		HideSolutionNode = FALSE
	EndGlobalSection
	GlobalSection(ExtensibilityGlobals) = postSolution
		SolutionGuid = {05B7CEAB-F373-462C-892D-EA2E13F13955}
	EndGlobalSection
EndGlobal
