
Microsoft Visual Studio Solution File, Format Version 12.00
# Visual Studio Version 17
VisualStudioVersion = 17.5.33627.172
MinimumVisualStudioVersion = 10.0.40219.1
Project("{FAE04EC0-301F-11D3-BF4B-00C04F79EFBC}") = "DemonstraçãoHerança", "DemonstraçãoHerança\DemonstraçãoHerança.csproj", "{EBC1198E-9BE4-41DE-BCD4-6ECC6E7FCFF4}"
EndProject
Global
	GlobalSection(SolutionConfigurationPlatforms) = preSolution
		Debug|Any CPU = Debug|Any CPU
		Release|Any CPU = Release|Any CPU
	EndGlobalSection
	GlobalSection(ProjectConfigurationPlatforms) = postSolution
		{EBC1198E-9BE4-41DE-BCD4-6ECC6E7FCFF4}.Debug|Any CPU.ActiveCfg = Debug|Any CPU
		{EBC1198E-9BE4-41DE-BCD4-6ECC6E7FCFF4}.Debug|Any CPU.Build.0 = Debug|Any CPU
		{EBC1198E-9BE4-41DE-BCD4-6ECC6E7FCFF4}.Release|Any CPU.ActiveCfg = Release|Any CPU
		{EBC1198E-9BE4-41DE-BCD4-6ECC6E7FCFF4}.Release|Any CPU.Build.0 = Release|Any CPU
	EndGlobalSection
	GlobalSection(SolutionProperties) = preSolution
		HideSolutionNode = FALSE
	EndGlobalSection
	GlobalSection(ExtensibilityGlobals) = postSolution
		SolutionGuid = {93E105F6-1F13-425B-BCED-A3285C19B50E}
	EndGlobalSection
EndGlobal
