
Microsoft Visual Studio Solution File, Format Version 12.00
# Visual Studio Version 17
VisualStudioVersion = 17.5.33627.172
MinimumVisualStudioVersion = 10.0.40219.1
Project("{FAE04EC0-301F-11D3-BF4B-00C04F79EFBC}") = "ExercicioPropostoVetor", "ExercicioPropostoVetor\ExercicioPropostoVetor.csproj", "{CEFD8E7F-5509-4990-821B-4358D6070E73}"
EndProject
Global
	GlobalSection(SolutionConfigurationPlatforms) = preSolution
		Debug|Any CPU = Debug|Any CPU
		Release|Any CPU = Release|Any CPU
	EndGlobalSection
	GlobalSection(ProjectConfigurationPlatforms) = postSolution
		{CEFD8E7F-5509-4990-821B-4358D6070E73}.Debug|Any CPU.ActiveCfg = Debug|Any CPU
		{CEFD8E7F-5509-4990-821B-4358D6070E73}.Debug|Any CPU.Build.0 = Debug|Any CPU
		{CEFD8E7F-5509-4990-821B-4358D6070E73}.Release|Any CPU.ActiveCfg = Release|Any CPU
		{CEFD8E7F-5509-4990-821B-4358D6070E73}.Release|Any CPU.Build.0 = Release|Any CPU
	EndGlobalSection
	GlobalSection(SolutionProperties) = preSolution
		HideSolutionNode = FALSE
	EndGlobalSection
	GlobalSection(ExtensibilityGlobals) = postSolution
		SolutionGuid = {14FABEC1-D3FE-4B86-8FF3-5D7D080F79AA}
	EndGlobalSection
EndGlobal
