
Microsoft Visual Studio Solution File, Format Version 12.00
# Visual Studio Version 17
VisualStudioVersion = 17.5.33627.172
MinimumVisualStudioVersion = 10.0.40219.1
Project("{FAE04EC0-301F-11D3-BF4B-00C04F79EFBC}") = "Path", "Path\Path.csproj", "{0EA43DE8-252C-42B9-B5C7-8EA863E3FEEF}"
EndProject
Global
	GlobalSection(SolutionConfigurationPlatforms) = preSolution
		Debug|Any CPU = Debug|Any CPU
		Release|Any CPU = Release|Any CPU
	EndGlobalSection
	GlobalSection(ProjectConfigurationPlatforms) = postSolution
		{0EA43DE8-252C-42B9-B5C7-8EA863E3FEEF}.Debug|Any CPU.ActiveCfg = Debug|Any CPU
		{0EA43DE8-252C-42B9-B5C7-8EA863E3FEEF}.Debug|Any CPU.Build.0 = Debug|Any CPU
		{0EA43DE8-252C-42B9-B5C7-8EA863E3FEEF}.Release|Any CPU.ActiveCfg = Release|Any CPU
		{0EA43DE8-252C-42B9-B5C7-8EA863E3FEEF}.Release|Any CPU.Build.0 = Release|Any CPU
	EndGlobalSection
	GlobalSection(SolutionProperties) = preSolution
		HideSolutionNode = FALSE
	EndGlobalSection
	GlobalSection(ExtensibilityGlobals) = postSolution
		SolutionGuid = {B234454C-D52E-451B-8242-D45DFAAD9FB6}
	EndGlobalSection
EndGlobal
