
Microsoft Visual Studio Solution File, Format Version 12.00
# Visual Studio Version 17
VisualStudioVersion = 17.5.33627.172
MinimumVisualStudioVersion = 10.0.40219.1
Project("{FAE04EC0-301F-11D3-BF4B-00C04F79EFBC}") = "ExercicioProposto1", "ExercicioProposto1\ExercicioProposto1.csproj", "{C3EB1498-E765-4652-9B24-95EEB13FF178}"
EndProject
Global
	GlobalSection(SolutionConfigurationPlatforms) = preSolution
		Debug|Any CPU = Debug|Any CPU
		Release|Any CPU = Release|Any CPU
	EndGlobalSection
	GlobalSection(ProjectConfigurationPlatforms) = postSolution
		{C3EB1498-E765-4652-9B24-95EEB13FF178}.Debug|Any CPU.ActiveCfg = Debug|Any CPU
		{C3EB1498-E765-4652-9B24-95EEB13FF178}.Debug|Any CPU.Build.0 = Debug|Any CPU
		{C3EB1498-E765-4652-9B24-95EEB13FF178}.Release|Any CPU.ActiveCfg = Release|Any CPU
		{C3EB1498-E765-4652-9B24-95EEB13FF178}.Release|Any CPU.Build.0 = Release|Any CPU
	EndGlobalSection
	GlobalSection(SolutionProperties) = preSolution
		HideSolutionNode = FALSE
	EndGlobalSection
	GlobalSection(ExtensibilityGlobals) = postSolution
		SolutionGuid = {6DC096BB-B165-485F-88F4-8D91767A7AB8}
	EndGlobalSection
EndGlobal
