
Microsoft Visual Studio Solution File, Format Version 12.00
# Visual Studio Version 17
VisualStudioVersion = 17.7.34221.43
MinimumVisualStudioVersion = 10.0.40219.1
Project("{FAE04EC0-301F-11D3-BF4B-00C04F79EFBC}") = "Multicast Delegates", "Multicast Delegates\Multicast Delegates.csproj", "{3D45ECF6-A810-4D69-B8B4-4D8382447912}"
EndProject
Global
	GlobalSection(SolutionConfigurationPlatforms) = preSolution
		Debug|Any CPU = Debug|Any CPU
		Release|Any CPU = Release|Any CPU
	EndGlobalSection
	GlobalSection(ProjectConfigurationPlatforms) = postSolution
		{3D45ECF6-A810-4D69-B8B4-4D8382447912}.Debug|Any CPU.ActiveCfg = Debug|Any CPU
		{3D45ECF6-A810-4D69-B8B4-4D8382447912}.Debug|Any CPU.Build.0 = Debug|Any CPU
		{3D45ECF6-A810-4D69-B8B4-4D8382447912}.Release|Any CPU.ActiveCfg = Release|Any CPU
		{3D45ECF6-A810-4D69-B8B4-4D8382447912}.Release|Any CPU.Build.0 = Release|Any CPU
	EndGlobalSection
	GlobalSection(SolutionProperties) = preSolution
		HideSolutionNode = FALSE
	EndGlobalSection
	GlobalSection(ExtensibilityGlobals) = postSolution
		SolutionGuid = {277BE7EB-126E-42A1-9E88-878B40A39602}
	EndGlobalSection
EndGlobal
