
Microsoft Visual Studio Solution File, Format Version 12.00
# Visual Studio Version 17
VisualStudioVersion = 17.5.33627.172
MinimumVisualStudioVersion = 10.0.40219.1
Project("{FAE04EC0-301F-11D3-BF4B-00C04F79EFBC}") = "UsingBlock", "UsingBlock\UsingBlock.csproj", "{B07F6B7F-5191-4293-9AE5-E2A5BC1652C5}"
EndProject
Global
	GlobalSection(SolutionConfigurationPlatforms) = preSolution
		Debug|Any CPU = Debug|Any CPU
		Release|Any CPU = Release|Any CPU
	EndGlobalSection
	GlobalSection(ProjectConfigurationPlatforms) = postSolution
		{B07F6B7F-5191-4293-9AE5-E2A5BC1652C5}.Debug|Any CPU.ActiveCfg = Debug|Any CPU
		{B07F6B7F-5191-4293-9AE5-E2A5BC1652C5}.Debug|Any CPU.Build.0 = Debug|Any CPU
		{B07F6B7F-5191-4293-9AE5-E2A5BC1652C5}.Release|Any CPU.ActiveCfg = Release|Any CPU
		{B07F6B7F-5191-4293-9AE5-E2A5BC1652C5}.Release|Any CPU.Build.0 = Release|Any CPU
	EndGlobalSection
	GlobalSection(SolutionProperties) = preSolution
		HideSolutionNode = FALSE
	EndGlobalSection
	GlobalSection(ExtensibilityGlobals) = postSolution
		SolutionGuid = {197FD983-298A-4731-92E1-E5A317948F87}
	EndGlobalSection
EndGlobal
