
Microsoft Visual Studio Solution File, Format Version 12.00
# Visual Studio Version 17
VisualStudioVersion = 17.7.34221.43
MinimumVisualStudioVersion = 10.0.40219.1
Project("{FAE04EC0-301F-11D3-BF4B-00C04F79EFBC}") = "ExercicioProposto1", "ExercicioProposto1\ExercicioProposto1.csproj", "{96E1B781-AD7B-4B72-9627-EA45CBC9F7A4}"
EndProject
Global
	GlobalSection(SolutionConfigurationPlatforms) = preSolution
		Debug|Any CPU = Debug|Any CPU
		Release|Any CPU = Release|Any CPU
	EndGlobalSection
	GlobalSection(ProjectConfigurationPlatforms) = postSolution
		{96E1B781-AD7B-4B72-9627-EA45CBC9F7A4}.Debug|Any CPU.ActiveCfg = Debug|Any CPU
		{96E1B781-AD7B-4B72-9627-EA45CBC9F7A4}.Debug|Any CPU.Build.0 = Debug|Any CPU
		{96E1B781-AD7B-4B72-9627-EA45CBC9F7A4}.Release|Any CPU.ActiveCfg = Release|Any CPU
		{96E1B781-AD7B-4B72-9627-EA45CBC9F7A4}.Release|Any CPU.Build.0 = Release|Any CPU
	EndGlobalSection
	GlobalSection(SolutionProperties) = preSolution
		HideSolutionNode = FALSE
	EndGlobalSection
	GlobalSection(ExtensibilityGlobals) = postSolution
		SolutionGuid = {B786E6EF-DEB3-41EB-A635-E97F18CB9A10}
	EndGlobalSection
EndGlobal
