
Microsoft Visual Studio Solution File, Format Version 12.00
# Visual Studio Version 17
VisualStudioVersion = 17.7.34221.43
MinimumVisualStudioVersion = 10.0.40219.1
Project("{FAE04EC0-301F-11D3-BF4B-00C04F79EFBC}") = "DemoLINQWithLambda", "DemoLINQWithLambda\DemoLINQWithLambda.csproj", "{0D24FCA3-F19F-490A-A8B0-C31559611026}"
EndProject
Global
	GlobalSection(SolutionConfigurationPlatforms) = preSolution
		Debug|Any CPU = Debug|Any CPU
		Release|Any CPU = Release|Any CPU
	EndGlobalSection
	GlobalSection(ProjectConfigurationPlatforms) = postSolution
		{0D24FCA3-F19F-490A-A8B0-C31559611026}.Debug|Any CPU.ActiveCfg = Debug|Any CPU
		{0D24FCA3-F19F-490A-A8B0-C31559611026}.Debug|Any CPU.Build.0 = Debug|Any CPU
		{0D24FCA3-F19F-490A-A8B0-C31559611026}.Release|Any CPU.ActiveCfg = Release|Any CPU
		{0D24FCA3-F19F-490A-A8B0-C31559611026}.Release|Any CPU.Build.0 = Release|Any CPU
	EndGlobalSection
	GlobalSection(SolutionProperties) = preSolution
		HideSolutionNode = FALSE
	EndGlobalSection
	GlobalSection(ExtensibilityGlobals) = postSolution
		SolutionGuid = {CB72D647-FF54-4D9E-BAD1-C5948371BD3A}
	EndGlobalSection
EndGlobal
